
Microsoft Visual Studio Solution File, Format Version 12.00
# Visual Studio Version 17
VisualStudioVersion = 17.14.36603.0 d17.14
MinimumVisualStudioVersion = 10.0.40219.1
Project("{FAE04EC0-301F-11D3-BF4B-00C04F79EFBC}") = "Golyath", "Golyath\Golyath.csproj", "{B6331709-217F-4DA5-8F25-1912E6D7CCF9}"
EndProject
Global
	GlobalSection(SolutionConfigurationPlatforms) = preSolution
		Debug|Any CPU = Debug|Any CPU
		Release|Any CPU = Release|Any CPU
	EndGlobalSection
	GlobalSection(ProjectConfigurationPlatforms) = postSolution
		{B6331709-217F-4DA5-8F25-1912E6D7CCF9}.Debug|Any CPU.ActiveCfg = Debug|Any CPU
		{B6331709-217F-4DA5-8F25-1912E6D7CCF9}.Debug|Any CPU.Build.0 = Debug|Any CPU
		{B6331709-217F-4DA5-8F25-1912E6D7CCF9}.Release|Any CPU.ActiveCfg = Release|Any CPU
		{B6331709-217F-4DA5-8F25-1912E6D7CCF9}.Release|Any CPU.Build.0 = Release|Any CPU
	EndGlobalSection
	GlobalSection(SolutionProperties) = preSolution
		HideSolutionNode = FALSE
	EndGlobalSection
	GlobalSection(ExtensibilityGlobals) = postSolution
		SolutionGuid = {07EEF9E5-7838-4CA6-B0E0-ABF74A52C471}
	EndGlobalSection
EndGlobal
